
Microsoft Visual Studio Solution File, Format Version 12.00
# Visual Studio Version 17
VisualStudioVersion = 17.4.33205.214
MinimumVisualStudioVersion = 10.0.40219.1
Project("{FAE04EC0-301F-11D3-BF4B-00C04F79EFBC}") = "Home work 19.05.2023", "Home work 19.05.2023\Home work 19.05.2023.csproj", "{57859E54-8717-4A03-A126-A5884C9C818A}"
EndProject
Global
	GlobalSection(SolutionConfigurationPlatforms) = preSolution
		Debug|Any CPU = Debug|Any CPU
		Release|Any CPU = Release|Any CPU
	EndGlobalSection
	GlobalSection(ProjectConfigurationPlatforms) = postSolution
		{57859E54-8717-4A03-A126-A5884C9C818A}.Debug|Any CPU.ActiveCfg = Debug|Any CPU
		{57859E54-8717-4A03-A126-A5884C9C818A}.Debug|Any CPU.Build.0 = Debug|Any CPU
		{57859E54-8717-4A03-A126-A5884C9C818A}.Release|Any CPU.ActiveCfg = Release|Any CPU
		{57859E54-8717-4A03-A126-A5884C9C818A}.Release|Any CPU.Build.0 = Release|Any CPU
	EndGlobalSection
	GlobalSection(SolutionProperties) = preSolution
		HideSolutionNode = FALSE
	EndGlobalSection
	GlobalSection(ExtensibilityGlobals) = postSolution
		SolutionGuid = {6845A8B7-1197-4098-A1EC-2552633A83E0}
	EndGlobalSection
EndGlobal
